
Microsoft Visual Studio Solution File, Format Version 12.00
# Visual Studio Version 16
VisualStudioVersion = 16.0.29519.181
MinimumVisualStudioVersion = 10.0.40219.1
Project("{888888A0-9F3D-457C-B088-3A5042F75D52}") = "StreletzCorporatePortal", "StreletzCorporatePortal\StreletzCorporatePortal.pyproj", "{17AA95AA-D2EB-40B7-805A-03F46740CB34}"
EndProject
Global
	GlobalSection(SolutionConfigurationPlatforms) = preSolution
		Debug|Any CPU = Debug|Any CPU
		Release|Any CPU = Release|Any CPU
	EndGlobalSection
	GlobalSection(ProjectConfigurationPlatforms) = postSolution
		{17AA95AA-D2EB-40B7-805A-03F46740CB34}.Debug|Any CPU.ActiveCfg = Debug|Any CPU
		{17AA95AA-D2EB-40B7-805A-03F46740CB34}.Debug|Any CPU.Build.0 = Debug|Any CPU
		{17AA95AA-D2EB-40B7-805A-03F46740CB34}.Release|Any CPU.ActiveCfg = Release|Any CPU
		{17AA95AA-D2EB-40B7-805A-03F46740CB34}.Release|Any CPU.Build.0 = Release|Any CPU
	EndGlobalSection
	GlobalSection(SolutionProperties) = preSolution
		HideSolutionNode = FALSE
	EndGlobalSection
	GlobalSection(ExtensibilityGlobals) = postSolution
		SolutionGuid = {EE581955-C2A3-4043-8E48-DBAC74617B79}
	EndGlobalSection
EndGlobal
